// !$*UTF8*$!
{
	archiveVersion = 1;
	classes = {
	};
	objectVersion = 50;
	objects = {

/* Begin PBXBuildFile section */
		444834A0234EA9E800205133 /* ImagesCollectionViewController.swift in Sources */ = {isa = PBXBuildFile; fileRef = 4448349F234EA9E800205133 /* ImagesCollectionViewController.swift */; };
		444834A3234EAA4C00205133 /* ImageCollectionViewCell.swift in Sources */ = {isa = PBXBuildFile; fileRef = 444834A2234EAA4C00205133 /* ImageCollectionViewCell.swift */; };
		444834A5234EB2F200205133 /* ImageFlowLayout.swift in Sources */ = {isa = PBXBuildFile; fileRef = 444834A4234EB2F200205133 /* ImageFlowLayout.swift */; };
		44893B80234E8860006D8A31 /* CVCBreed.m in Sources */ = {isa = PBXBuildFile; fileRef = 44893B7F234E8860006D8A31 /* CVCBreed.m */; };
		44893B84234E88A3006D8A31 /* CVCSubbreed.m in Sources */ = {isa = PBXBuildFile; fileRef = 44893B83234E88A3006D8A31 /* CVCSubbreed.m */; };
		44A7104B234E87500010F417 /* AppDelegate.swift in Sources */ = {isa = PBXBuildFile; fileRef = 44A7104A234E87500010F417 /* AppDelegate.swift */; };
		44A71052234E87500010F417 /* Main.storyboard in Resources */ = {isa = PBXBuildFile; fileRef = 44A71050234E87500010F417 /* Main.storyboard */; };
		44A71054234E87530010F417 /* Assets.xcassets in Resources */ = {isa = PBXBuildFile; fileRef = 44A71053234E87530010F417 /* Assets.xcassets */; };
		44A71057234E87530010F417 /* LaunchScreen.storyboard in Resources */ = {isa = PBXBuildFile; fileRef = 44A71055234E87530010F417 /* LaunchScreen.storyboard */; };
		44D1705C234EA19B00B10D95 /* BreedListTableViewController.swift in Sources */ = {isa = PBXBuildFile; fileRef = 44D1705B234EA19B00B10D95 /* BreedListTableViewController.swift */; };
		44D1705E234EA3BC00B10D95 /* SubbreedListTableViewController.swift in Sources */ = {isa = PBXBuildFile; fileRef = 44D1705D234EA3BC00B10D95 /* SubbreedListTableViewController.swift */; };
		44EF8492234E8D63002EEDE5 /* CVCBreedsController.m in Sources */ = {isa = PBXBuildFile; fileRef = 44EF8491234E8D63002EEDE5 /* CVCBreedsController.m */; };
/* End PBXBuildFile section */

/* Begin PBXFileReference section */
		4448349F234EA9E800205133 /* ImagesCollectionViewController.swift */ = {isa = PBXFileReference; lastKnownFileType = sourcecode.swift; path = ImagesCollectionViewController.swift; sourceTree = "<group>"; };
		444834A2234EAA4C00205133 /* ImageCollectionViewCell.swift */ = {isa = PBXFileReference; lastKnownFileType = sourcecode.swift; path = ImageCollectionViewCell.swift; sourceTree = "<group>"; };
		444834A4234EB2F200205133 /* ImageFlowLayout.swift */ = {isa = PBXFileReference; lastKnownFileType = sourcecode.swift; path = ImageFlowLayout.swift; sourceTree = "<group>"; };
		44893B7D234E8860006D8A31 /* Dogs_ObjC-Bridging-Header.h */ = {isa = PBXFileReference; lastKnownFileType = sourcecode.c.h; path = "Dogs_ObjC-Bridging-Header.h"; sourceTree = "<group>"; };
		44893B7E234E8860006D8A31 /* CVCBreed.h */ = {isa = PBXFileReference; lastKnownFileType = sourcecode.c.h; path = CVCBreed.h; sourceTree = "<group>"; };
		44893B7F234E8860006D8A31 /* CVCBreed.m */ = {isa = PBXFileReference; lastKnownFileType = sourcecode.c.objc; path = CVCBreed.m; sourceTree = "<group>"; };
		44893B82234E88A3006D8A31 /* CVCSubbreed.h */ = {isa = PBXFileReference; lastKnownFileType = sourcecode.c.h; path = CVCSubbreed.h; sourceTree = "<group>"; };
		44893B83234E88A3006D8A31 /* CVCSubbreed.m */ = {isa = PBXFileReference; lastKnownFileType = sourcecode.c.objc; path = CVCSubbreed.m; sourceTree = "<group>"; };
		44A71047234E87500010F417 /* Dogs_ObjC.app */ = {isa = PBXFileReference; explicitFileType = wrapper.application; includeInIndex = 0; path = Dogs_ObjC.app; sourceTree = BUILT_PRODUCTS_DIR; };
		44A7104A234E87500010F417 /* AppDelegate.swift */ = {isa = PBXFileReference; lastKnownFileType = sourcecode.swift; path = AppDelegate.swift; sourceTree = "<group>"; };
		44A71051234E87500010F417 /* Base */ = {isa = PBXFileReference; lastKnownFileType = file.storyboard; name = Base; path = Base.lproj/Main.storyboard; sourceTree = "<group>"; };
		44A71053234E87530010F417 /* Assets.xcassets */ = {isa = PBXFileReference; lastKnownFileType = folder.assetcatalog; path = Assets.xcassets; sourceTree = "<group>"; };
		44A71056234E87530010F417 /* Base */ = {isa = PBXFileReference; lastKnownFileType = file.storyboard; name = Base; path = Base.lproj/LaunchScreen.storyboard; sourceTree = "<group>"; };
		44A71058234E87530010F417 /* Info.plist */ = {isa = PBXFileReference; lastKnownFileType = text.plist.xml; path = Info.plist; sourceTree = "<group>"; };
		44D1705B234EA19B00B10D95 /* BreedListTableViewController.swift */ = {isa = PBXFileReference; lastKnownFileType = sourcecode.swift; path = BreedListTableViewController.swift; sourceTree = "<group>"; };
		44D1705D234EA3BC00B10D95 /* SubbreedListTableViewController.swift */ = {isa = PBXFileReference; lastKnownFileType = sourcecode.swift; path = SubbreedListTableViewController.swift; sourceTree = "<group>"; };
		44EF8490234E8D63002EEDE5 /* CVCBreedsController.h */ = {isa = PBXFileReference; lastKnownFileType = sourcecode.c.h; path = CVCBreedsController.h; sourceTree = "<group>"; };
		44EF8491234E8D63002EEDE5 /* CVCBreedsController.m */ = {isa = PBXFileReference; lastKnownFileType = sourcecode.c.objc; path = CVCBreedsController.m; sourceTree = "<group>"; };
/* End PBXFileReference section */

/* Begin PBXFrameworksBuildPhase section */
		44A71044234E87500010F417 /* Frameworks */ = {
			isa = PBXFrameworksBuildPhase;
			buildActionMask = 2147483647;
			files = (
			);
			runOnlyForDeploymentPostprocessing = 0;
		};
/* End PBXFrameworksBuildPhase section */

/* Begin PBXGroup section */
		444834A1234EAA2C00205133 /* Cells */ = {
			isa = PBXGroup;
			children = (
				444834A2234EAA4C00205133 /* ImageCollectionViewCell.swift */,
			);
			path = Cells;
			sourceTree = "<group>";
		};
		444834A6234EB3E400205133 /* Storyboards */ = {
			isa = PBXGroup;
			children = (
				44A71050234E87500010F417 /* Main.storyboard */,
			);
			path = Storyboards;
			sourceTree = "<group>";
		};
		444834A7234EB3F000205133 /* Layouts */ = {
			isa = PBXGroup;
			children = (
				444834A4234EB2F200205133 /* ImageFlowLayout.swift */,
			);
			path = Layouts;
			sourceTree = "<group>";
		};
		44893B81234E8867006D8A31 /* Models */ = {
			isa = PBXGroup;
			children = (
				44893B7E234E8860006D8A31 /* CVCBreed.h */,
				44893B7F234E8860006D8A31 /* CVCBreed.m */,
				44893B82234E88A3006D8A31 /* CVCSubbreed.h */,
				44893B83234E88A3006D8A31 /* CVCSubbreed.m */,
			);
			path = Models;
			sourceTree = "<group>";
		};
		44893B85234E88AA006D8A31 /* ModelControllers */ = {
			isa = PBXGroup;
			children = (
				44EF8490234E8D63002EEDE5 /* CVCBreedsController.h */,
				44EF8491234E8D63002EEDE5 /* CVCBreedsController.m */,
			);
			path = ModelControllers;
			sourceTree = "<group>";
		};
		44A7103E234E87500010F417 = {
			isa = PBXGroup;
			children = (
				44A71049234E87500010F417 /* Dogs_ObjC */,
				44A71048234E87500010F417 /* Products */,
			);
			sourceTree = "<group>";
		};
		44A71048234E87500010F417 /* Products */ = {
			isa = PBXGroup;
			children = (
				44A71047234E87500010F417 /* Dogs_ObjC.app */,
			);
			name = Products;
			sourceTree = "<group>";
		};
		44A71049234E87500010F417 /* Dogs_ObjC */ = {
			isa = PBXGroup;
			children = (
				44893B81234E8867006D8A31 /* Models */,
				44893B85234E88AA006D8A31 /* ModelControllers */,
				44D1705A234EA17200B10D95 /* ViewControllers */,
				444834A6234EB3E400205133 /* Storyboards */,
				444834A1234EAA2C00205133 /* Cells */,
				444834A7234EB3F000205133 /* Layouts */,
				44A7105E234E88240010F417 /* Resources */,
			);
			path = Dogs_ObjC;
			sourceTree = "<group>";
		};
		44A7105E234E88240010F417 /* Resources */ = {
			isa = PBXGroup;
			children = (
				44A7104A234E87500010F417 /* AppDelegate.swift */,
				44A71053234E87530010F417 /* Assets.xcassets */,
				44A71055234E87530010F417 /* LaunchScreen.storyboard */,
				44A71058234E87530010F417 /* Info.plist */,
				44893B7D234E8860006D8A31 /* Dogs_ObjC-Bridging-Header.h */,
			);
			path = Resources;
			sourceTree = "<group>";
		};
		44D1705A234EA17200B10D95 /* ViewControllers */ = {
			isa = PBXGroup;
			children = (
				44D1705B234EA19B00B10D95 /* BreedListTableViewController.swift */,
				44D1705D234EA3BC00B10D95 /* SubbreedListTableViewController.swift */,
				4448349F234EA9E800205133 /* ImagesCollectionViewController.swift */,
			);
			path = ViewControllers;
			sourceTree = "<group>";
		};
/* End PBXGroup section */

/* Begin PBXNativeTarget section */
		44A71046234E87500010F417 /* Dogs_ObjC */ = {
			isa = PBXNativeTarget;
			buildConfigurationList = 44A7105B234E87530010F417 /* Build configuration list for PBXNativeTarget "Dogs_ObjC" */;
			buildPhases = (
				44A71043234E87500010F417 /* Sources */,
				44A71044234E87500010F417 /* Frameworks */,
				44A71045234E87500010F417 /* Resources */,
			);
			buildRules = (
			);
			dependencies = (
			);
			name = Dogs_ObjC;
			productName = Dogs_ObjC;
			productReference = 44A71047234E87500010F417 /* Dogs_ObjC.app */;
			productType = "com.apple.product-type.application";
		};
/* End PBXNativeTarget section */

/* Begin PBXProject section */
		44A7103F234E87500010F417 /* Project object */ = {
			isa = PBXProject;
			attributes = {
				CLASSPREFIX = CVC;
				LastSwiftUpdateCheck = 1110;
				LastUpgradeCheck = 1110;
				ORGANIZATIONNAME = "Landon Epps";
				TargetAttributes = {
					44A71046234E87500010F417 = {
						CreatedOnToolsVersion = 11.1;
						LastSwiftMigration = 1110;
					};
				};
			};
			buildConfigurationList = 44A71042234E87500010F417 /* Build configuration list for PBXProject "Dogs_ObjC" */;
			compatibilityVersion = "Xcode 9.3";
			developmentRegion = en;
			hasScannedForEncodings = 0;
			knownRegions = (
				en,
				Base,
			);
			mainGroup = 44A7103E234E87500010F417;
			productRefGroup = 44A71048234E87500010F417 /* Products */;
			projectDirPath = "";
			projectRoot = "";
			targets = (
				44A71046234E87500010F417 /* Dogs_ObjC */,
			);
		};
/* End PBXProject section */

/* Begin PBXResourcesBuildPhase section */
		44A71045234E87500010F417 /* Resources */ = {
			isa = PBXResourcesBuildPhase;
			buildActionMask = 2147483647;
			files = (
				44A71057234E87530010F417 /* LaunchScreen.storyboard in Resources */,
				44A71054234E87530010F417 /* Assets.xcassets in Resources */,
				44A71052234E87500010F417 /* Main.storyboard in Resources */,
			);
			runOnlyForDeploymentPostprocessing = 0;
		};
/* End PBXResourcesBuildPhase section */

/* Begin PBXSourcesBuildPhase section */
		44A71043234E87500010F417 /* Sources */ = {
			isa = PBXSourcesBuildPhase;
			buildActionMask = 2147483647;
			files = (
				444834A0234EA9E800205133 /* ImagesCollectionViewController.swift in Sources */,
				44D1705C234EA19B00B10D95 /* BreedListTableViewController.swift in Sources */,
				444834A3234EAA4C00205133 /* ImageCollectionViewCell.swift in Sources */,
				44EF8492234E8D63002EEDE5 /* CVCBreedsController.m in Sources */,
				44893B84234E88A3006D8A31 /* CVCSubbreed.m in Sources */,
				44D1705E234EA3BC00B10D95 /* SubbreedListTableViewController.swift in Sources */,
				44893B80234E8860006D8A31 /* CVCBreed.m in Sources */,
				444834A5234EB2F200205133 /* ImageFlowLayout.swift in Sources */,
				44A7104B234E87500010F417 /* AppDelegate.swift in Sources */,
			);
			runOnlyForDeploymentPostprocessing = 0;
		};
/* End PBXSourcesBuildPhase section */

/* Begin PBXVariantGroup section */
		44A71050234E87500010F417 /* Main.storyboard */ = {
			isa = PBXVariantGroup;
			children = (
				44A71051234E87500010F417 /* Base */,
			);
			name = Main.storyboard;
			sourceTree = "<group>";
		};
		44A71055234E87530010F417 /* LaunchScreen.storyboard */ = {
			isa = PBXVariantGroup;
			children = (
				44A71056234E87530010F417 /* Base */,
			);
			name = LaunchScreen.storyboard;
			sourceTree = "<group>";
		};
/* End PBXVariantGroup section */

/* Begin XCBuildConfiguration section */
		44A71059234E87530010F417 /* Debug */ = {
			isa = XCBuildConfiguration;
			buildSettings = {
				ALWAYS_SEARCH_USER_PATHS = NO;
				CLANG_ANALYZER_NONNULL = YES;
				CLANG_ANALYZER_NUMBER_OBJECT_CONVERSION = YES_AGGRESSIVE;
				CLANG_CXX_LANGUAGE_STANDARD = "gnu++14";
				CLANG_CXX_LIBRARY = "libc++";
				CLANG_ENABLE_MODULES = YES;
				CLANG_ENABLE_OBJC_ARC = YES;
				CLANG_ENABLE_OBJC_WEAK = YES;
				CLANG_WARN_BLOCK_CAPTURE_AUTORELEASING = YES;
				CLANG_WARN_BOOL_CONVERSION = YES;
				CLANG_WARN_COMMA = YES;
				CLANG_WARN_CONSTANT_CONVERSION = YES;
				CLANG_WARN_DEPRECATED_OBJC_IMPLEMENTATIONS = YES;
				CLANG_WARN_DIRECT_OBJC_ISA_USAGE = YES_ERROR;
				CLANG_WARN_DOCUMENTATION_COMMENTS = YES;
				CLANG_WARN_EMPTY_BODY = YES;
				CLANG_WARN_ENUM_CONVERSION = YES;
				CLANG_WARN_INFINITE_RECURSION = YES;
				CLANG_WARN_INT_CONVERSION = YES;
				CLANG_WARN_NON_LITERAL_NULL_CONVERSION = YES;
				CLANG_WARN_OBJC_IMPLICIT_RETAIN_SELF = YES;
				CLANG_WARN_OBJC_LITERAL_CONVERSION = YES;
				CLANG_WARN_OBJC_ROOT_CLASS = YES_ERROR;
				CLANG_WARN_RANGE_LOOP_ANALYSIS = YES;
				CLANG_WARN_STRICT_PROTOTYPES = YES;
				CLANG_WARN_SUSPICIOUS_MOVE = YES;
				CLANG_WARN_UNGUARDED_AVAILABILITY = YES_AGGRESSIVE;
				CLANG_WARN_UNREACHABLE_CODE = YES;
				CLANG_WARN__DUPLICATE_METHOD_MATCH = YES;
				COPY_PHASE_STRIP = NO;
				DEBUG_INFORMATION_FORMAT = dwarf;
				ENABLE_STRICT_OBJC_MSGSEND = YES;
				ENABLE_TESTABILITY = YES;
				GCC_C_LANGUAGE_STANDARD = gnu11;
				GCC_DYNAMIC_NO_PIC = NO;
				GCC_NO_COMMON_BLOCKS = YES;
				GCC_OPTIMIZATION_LEVEL = 0;
				GCC_PREPROCESSOR_DEFINITIONS = (
					"DEBUG=1",
					"$(inherited)",
				);
				GCC_WARN_64_TO_32_BIT_CONVERSION = YES;
				GCC_WARN_ABOUT_RETURN_TYPE = YES_ERROR;
				GCC_WARN_UNDECLARED_SELECTOR = YES;
				GCC_WARN_UNINITIALIZED_AUTOS = YES_AGGRESSIVE;
				GCC_WARN_UNUSED_FUNCTION = YES;
				GCC_WARN_UNUSED_VARIABLE = YES;
				IPHONEOS_DEPLOYMENT_TARGET = 12.4;
				MTL_ENABLE_DEBUG_INFO = INCLUDE_SOURCE;
				MTL_FAST_MATH = YES;
				ONLY_ACTIVE_ARCH = YES;
				SDKROOT = iphoneos;
				SWIFT_ACTIVE_COMPILATION_CONDITIONS = DEBUG;
				SWIFT_OPTIMIZATION_LEVEL = "-Onone";
			};
			name = Debug;
		};
		44A7105A234E87530010F417 /* Release */ = {
			isa = XCBuildConfiguration;
			buildSettings = {
				ALWAYS_SEARCH_USER_PATHS = NO;
				CLANG_ANALYZER_NONNULL = YES;
				CLANG_ANALYZER_NUMBER_OBJECT_CONVERSION = YES_AGGRESSIVE;
				CLANG_CXX_LANGUAGE_STANDARD = "gnu++14";
				CLANG_CXX_LIBRARY = "libc++";
				CLANG_ENABLE_MODULES = YES;
				CLANG_ENABLE_OBJC_ARC = YES;
				CLANG_ENABLE_OBJC_WEAK = YES;
				CLANG_WARN_BLOCK_CAPTURE_AUTORELEASING = YES;
				CLANG_WARN_BOOL_CONVERSION = YES;
				CLANG_WARN_COMMA = YES;
				CLANG_WARN_CONSTANT_CONVERSION = YES;
				CLANG_WARN_DEPRECATED_OBJC_IMPLEMENTATIONS = YES;
				CLANG_WARN_DIRECT_OBJC_ISA_USAGE = YES_ERROR;
				CLANG_WARN_DOCUMENTATION_COMMENTS = YES;
				CLANG_WARN_EMPTY_BODY = YES;
				CLANG_WARN_ENUM_CONVERSION = YES;
				CLANG_WARN_INFINITE_RECURSION = YES;
				CLANG_WARN_INT_CONVERSION = YES;
				CLANG_WARN_NON_LITERAL_NULL_CONVERSION = YES;
				CLANG_WARN_OBJC_IMPLICIT_RETAIN_SELF = YES;
				CLANG_WARN_OBJC_LITERAL_CONVERSION = YES;
				CLANG_WARN_OBJC_ROOT_CLASS = YES_ERROR;
				CLANG_WARN_RANGE_LOOP_ANALYSIS = YES;
				CLANG_WARN_STRICT_PROTOTYPES = YES;
				CLANG_WARN_SUSPICIOUS_MOVE = YES;
				CLANG_WARN_UNGUARDED_AVAILABILITY = YES_AGGRESSIVE;
				CLANG_WARN_UNREACHABLE_CODE = YES;
				CLANG_WARN__DUPLICATE_METHOD_MATCH = YES;
				COPY_PHASE_STRIP = NO;
				DEBUG_INFORMATION_FORMAT = "dwarf-with-dsym";
				ENABLE_NS_ASSERTIONS = NO;
				ENABLE_STRICT_OBJC_MSGSEND = YES;
				GCC_C_LANGUAGE_STANDARD = gnu11;
				GCC_NO_COMMON_BLOCKS = YES;
				GCC_WARN_64_TO_32_BIT_CONVERSION = YES;
				GCC_WARN_ABOUT_RETURN_TYPE = YES_ERROR;
				GCC_WARN_UNDECLARED_SELECTOR = YES;
				GCC_WARN_UNINITIALIZED_AUTOS = YES_AGGRESSIVE;
				GCC_WARN_UNUSED_FUNCTION = YES;
				GCC_WARN_UNUSED_VARIABLE = YES;
				IPHONEOS_DEPLOYMENT_TARGET = 12.4;
				MTL_ENABLE_DEBUG_INFO = NO;
				MTL_FAST_MATH = YES;
				SDKROOT = iphoneos;
				SWIFT_COMPILATION_MODE = wholemodule;
				SWIFT_OPTIMIZATION_LEVEL = "-O";
				VALIDATE_PRODUCT = YES;
			};
			name = Release;
		};
		44A7105C234E87530010F417 /* Debug */ = {
			isa = XCBuildConfiguration;
			buildSettings = {
				ASSETCATALOG_COMPILER_APPICON_NAME = AppIcon;
				CLANG_ENABLE_MODULES = YES;
				CODE_SIGN_STYLE = Automatic;
				DEVELOPMENT_TEAM = 6R9933TQJB;
				INFOPLIST_FILE = "$(SRCROOT)/Dogs_ObjC/Resources/Info.plist";
				IPHONEOS_DEPLOYMENT_TARGET = 12.4;
				LD_RUNPATH_SEARCH_PATHS = (
					"$(inherited)",
					"@executable_path/Frameworks",
				);
				PRODUCT_BUNDLE_IDENTIFIER = "com.landonepps.dvmtn.Dogs-ObjC";
				PRODUCT_NAME = "$(TARGET_NAME)";
				SWIFT_OBJC_BRIDGING_HEADER = "Dogs_ObjC/Resources/Dogs_ObjC-Bridging-Header.h";
				SWIFT_OPTIMIZATION_LEVEL = "-Onone";
				SWIFT_VERSION = 5.0;
				TARGETED_DEVICE_FAMILY = "1,2";
			};
			name = Debug;
		};
		44A7105D234E87530010F417 /* Release */ = {
			isa = XCBuildConfiguration;
			buildSettings = {
				ASSETCATALOG_COMPILER_APPICON_NAME = AppIcon;
				CLANG_ENABLE_MODULES = YES;
				CODE_SIGN_STYLE = Automatic;
				DEVELOPMENT_TEAM = 6R9933TQJB;
				INFOPLIST_FILE = "$(SRCROOT)/Dogs_ObjC/Resources/Info.plist";
				IPHONEOS_DEPLOYMENT_TARGET = 12.4;
				LD_RUNPATH_SEARCH_PATHS = (
					"$(inherited)",
					"@executable_path/Frameworks",
				);
				PRODUCT_BUNDLE_IDENTIFIER = "com.landonepps.dvmtn.Dogs-ObjC";
				PRODUCT_NAME = "$(TARGET_NAME)";
				SWIFT_OBJC_BRIDGING_HEADER = "Dogs_ObjC/Resources/Dogs_ObjC-Bridging-Header.h";
				SWIFT_VERSION = 5.0;
				TARGETED_DEVICE_FAMILY = "1,2";
			};
			name = Release;
		};
/* End XCBuildConfiguration section */

/* Begin XCConfigurationList section */
		44A71042234E87500010F417 /* Build configuration list for PBXProject "Dogs_ObjC" */ = {
			isa = XCConfigurationList;
			buildConfigurations = (
				44A71059234E87530010F417 /* Debug */,
				44A7105A234E87530010F417 /* Release */,
			);
			defaultConfigurationIsVisible = 0;
			defaultConfigurationName = Release;
		};
		44A7105B234E87530010F417 /* Build configuration list for PBXNativeTarget "Dogs_ObjC" */ = {
			isa = XCConfigurationList;
			buildConfigurations = (
				44A7105C234E87530010F417 /* Debug */,
				44A7105D234E87530010F417 /* Release */,
			);
			defaultConfigurationIsVisible = 0;
			defaultConfigurationName = Release;
		};
/* End XCConfigurationList section */
	};
	rootObject = 44A7103F234E87500010F417 /* Project object */;
}
